
Microsoft Visual Studio Solution File, Format Version 12.00
# Visual Studio Version 16
VisualStudioVersion = 16.0.30611.23
MinimumVisualStudioVersion = 10.0.40219.1
Project("{FAE04EC0-301F-11D3-BF4B-00C04F79EFBC}") = "Sandbox", "Sandbox\Sandbox.csproj", "{46EE92DD-632D-4769-8485-85FAD87DFC58}"
EndProject
Global
	GlobalSection(SolutionConfigurationPlatforms) = preSolution
		Debug|Any CPU = Debug|Any CPU
		Release|Any CPU = Release|Any CPU
	EndGlobalSection
	GlobalSection(ProjectConfigurationPlatforms) = postSolution
		{46EE92DD-632D-4769-8485-85FAD87DFC58}.Debug|Any CPU.ActiveCfg = Debug|Any CPU
		{46EE92DD-632D-4769-8485-85FAD87DFC58}.Debug|Any CPU.Build.0 = Debug|Any CPU
		{46EE92DD-632D-4769-8485-85FAD87DFC58}.Release|Any CPU.ActiveCfg = Release|Any CPU
		{46EE92DD-632D-4769-8485-85FAD87DFC58}.Release|Any CPU.Build.0 = Release|Any CPU
	EndGlobalSection
	GlobalSection(SolutionProperties) = preSolution
		HideSolutionNode = FALSE
	EndGlobalSection
	GlobalSection(ExtensibilityGlobals) = postSolution
		SolutionGuid = {A49E62D6-95FB-4D05-B067-4ADC23D6F752}
	EndGlobalSection
EndGlobal
